%{
  "blake3": {:git, "https://github.com/vans163/blake3", "39cbe58393cbdf17c40963fb71cba02c32562176", [branch: "finalize_xof"]},
  "jason": {:hex, :jason, "1.4.4", "b9226785a9aa77b6857ca22832cffa5d5011a667207eb2a0ad56adb5db443b8a", [:mix], [{:decimal, "~> 1.0 or ~> 2.0", [hex: :decimal, repo: "hexpm", optional: true]}], "hexpm", "c5eb0cab91f094599f94d55bc63409236a8ec69a21a67814529e8d5f6cc90b3b"},
  "rustler": {:hex, :rustler, "0.36.2", "6c2142f912166dfd364017ab2bf61242d4a5a3c88e7b872744642ae004b82501", [:mix], [{:jason, "~> 1.0", [hex: :jason, repo: "hexpm", optional: false]}, {:toml, "~> 0.7", [hex: :toml, repo: "hexpm", optional: false]}], "hexpm", "93832a6dbc1166739a19cd0c25e110e4cf891f16795deb9361dfcae95f6c88fe"},
  "toml": {:hex, :toml, "0.7.0", "fbcd773caa937d0c7a02c301a1feea25612720ac3fa1ccb8bfd9d30d822911de", [:mix], [], "hexpm", "0690246a2478c1defd100b0c9b89b4ea280a22be9a7b313a8a058a2408a2fa70"},
}
